dependencies:
- name: openam
  repository: file://../openam
  version: 0.1.0
- name: amster
  repository: file://../amster
  version: 0.1.1
- name: opendj
  repository: file://../opendj
  version: 0.2.2
- name: opendj
  repository: file://../opendj
  version: 0.2.2
- name: git
  repository: file://../git
  version: 0.1.0
- name: openidm
  repository: file://../openidm
  version: 0.1.0
- name: postgres-openidm
  repository: file://../postgres-openidm
  version: 0.1.1
- name: openig
  repository: file://../openig
  version: 0.1.1
digest: sha256:eafa7017d436ec4b3755f01e96afbb8f5d2e3cf4846298d5ac152f6106d2bed0
generated: 2017-07-26T14:20:44.885010606-06:00
