dependencies:
- name: openam
  repository: file://../openam
  version: 5.5.0
- name: amster
  repository: file://../amster
  version: 5.5.0
- name: opendj
  repository: file://../opendj
  version: 5.5.0
- name: opendj
  repository: file://../opendj
  version: 5.5.0
- name: openidm
  repository: file://../openidm
  version: 5.5.0
- name: postgres-openidm
  repository: file://../postgres-openidm
  version: 5.5.0
- name: openig
  repository: file://../openig
  version: 5.5.0
digest: sha256:afe0877d84172abd1f3c8710973882fe0507864afe72ecf67bdfb8e598e51f14
generated: 2017-11-02T18:10:12.928023-06:00
