dependencies:
- name: frconfig
  repository: file://../frconfig
  version: 6.5.0
- name: openam
  repository: file://../openam
  version: 6.5.0
- name: amster
  repository: file://../amster
  version: 6.5.0
- name: ds
  repository: file://../ds
  version: 6.5.0
- name: ds
  repository: file://../ds
  version: 6.5.0
- name: openidm
  repository: file://../openidm
  version: 6.5.0
- name: postgres-openidm
  repository: file://../postgres-openidm
  version: 6.5.0
- name: openig
  repository: file://../openig
  version: 6.5.0
digest: sha256:6fbbca9a597f2e22ef3afb6ba140f4f26a9b4f6613df5f160319c0b8fc77e663
generated: 2018-09-04T18:41:00.940182124-06:00
