dependencies:
- name: git
  repository: file://../git
  version: 0.1.0
- name: amster
  repository: file://../amster
  version: 0.1.1
- name: openam
  repository: file://../openam
  version: 0.1.0
digest: sha256:ed710fdf5cb9358bdd19e9b9700759925a612fed13762c66fa6d22f734617595
generated: 2017-07-26T14:20:45.737066382-06:00
