dependencies:
- alias: null
  condition: ""
  enabled: false
  import-values: null
  name: openam
  repository: https://storage.googleapis.com/forgerock-charts/
  tags: null
  version: 0.1.0
- alias: null
  condition: ""
  enabled: false
  import-values: null
  name: amster
  repository: https://storage.googleapis.com/forgerock-charts/
  tags: null
  version: 0.1.1
- alias: null
  condition: ""
  enabled: false
  import-values: null
  name: opendj
  repository: https://storage.googleapis.com/forgerock-charts
  tags: null
  version: 0.2.2
digest: sha256:6fec35535d42304700601d7a9e87e99cb797febb420f70d7d00ceac3e6deab87
generated: 2017-05-31T12:44:47.934284765-06:00
