dependencies:
- name: openam
  repository: file://../openam
  version: 5.5.0
- name: amster
  repository: file://../amster
  version: 5.5.0
- name: opendj
  repository: file://../opendj
  version: 5.5.0
- name: opendj
  repository: file://../opendj
  version: 5.5.0
- name: opendj
  repository: file://../opendj
  version: 5.5.0
digest: sha256:f5cf397c9ecb8a47b4cd0341594f435bc4bd6957614904f1cb7ecb5a79fcf93e
generated: 2017-11-02T18:10:10.997872-06:00
