dependencies:
- alias: null
  condition: ""
  enabled: false
  import-values: null
  name: openam
  repository: https://storage.googleapis.com/forgerock-charts/
  tags: null
  version: 0.1.0
- alias: null
  condition: ""
  enabled: false
  import-values: null
  name: amster
  repository: https://storage.googleapis.com/forgerock-charts/
  tags: null
  version: 0.1.1
- alias: null
  condition: ""
  enabled: false
  import-values: null
  name: opendj
  repository: https://storage.googleapis.com/forgerock-charts
  tags: null
  version: 0.2.2
- alias: null
  condition: ""
  enabled: false
  import-values: null
  name: bootstrap
  repository: https://storage.googleapis.com/forgerock-charts
  tags: null
  version: 0.1.0
digest: sha256:bef317c9477adaf86bf71fb6c44446f52218d52690c872508c986d82cfac8de5
generated: 2017-06-05T11:16:16.440257687-06:00
