dependencies:
- alias: ""
  condition: ""
  enabled: false
  import-values: null
  name: opendj
  repository: file://../opendj
  tags: null
  version: 0.2.2
- alias: ""
  condition: ""
  enabled: false
  import-values: null
  name: postgres-openidm
  repository: file://../postgres-openidm
  tags: null
  version: 0.1.1
- alias: ""
  condition: ""
  enabled: false
  import-values: null
  name: git
  repository: file://../git
  tags: null
  version: 0.1.0
digest: sha256:6e36018f08e8378c700deef0525a7f2b10c50d8aaf31c5e5da926c01681ef04f
generated: 2017-07-07T09:24:54.850629165-06:00
