dependencies:
- name: openam
  repository: file://../openam
  version: 0.1.0
- name: amster
  repository: file://../amster
  version: 0.1.1
- name: opendj
  repository: file://../opendj
  version: 0.2.2
- name: git
  repository: file://../git
  version: 0.1.0
digest: sha256:e1e8ff0dc93befd9156c352f5e66eb642797fce73a9e1d9693b97d639ecfa4ca
generated: 2017-07-26T14:20:44.062976903-06:00
