dependencies:
- name: openam
  repository: file://../openam
  version: 5.5.0
- name: amster
  repository: file://../amster
  version: 5.5.0
- name: opendj
  repository: file://../opendj
  version: 5.5.0
digest: sha256:1c22338534ac5f8393ef361ba929063e0c7769bdb423256c69af632089ba2d26
generated: 2017-11-02T18:10:10.364536-06:00
