dependencies:
- name: frconfig
  repository: file://../../helm/frconfig
  version: 6.5.0
- name: ds
  repository: file://../../helm/ds
  version: 6.5.0
- name: openam
  repository: file://../../helm/openam
  version: 6.5.0
- name: amster
  repository: file://../../helm/amster
  version: 6.5.0
- name: openidm
  repository: file://../../helm/openidm
  version: 6.5.0
- name: openig
  repository: file://../../helm/openig
  version: 6.5.0
digest: sha256:5edcba8659bc8463bf74442188ab072b10a57a0ea90645d4a4438d048045f253
generated: 2018-11-13T11:28:04.891686396-08:00
