dependencies:
- alias: null
  condition: ""
  enabled: false
  import-values: null
  name: opendj
  repository: https://storage.googleapis.com/forgerock-charts
  tags: null
  version: 0.2.2
- alias: null
  condition: ""
  enabled: false
  import-values: null
  name: openidm
  repository: https://storage.googleapis.com/forgerock-charts
  tags: null
  version: 0.1.0
- alias: null
  condition: ""
  enabled: false
  import-values: null
  name: postgres-openidm
  repository: https://storage.googleapis.com/forgerock-charts
  tags: null
  version: 0.1.1
- alias: null
  condition: ""
  enabled: false
  import-values: null
  name: git
  repository: https://storage.googleapis.com/forgerock-charts
  tags: null
  version: 0.1.0
digest: sha256:57e83755135bf0f697d150ee35fe8b9e162ff31db053e03029b5b72140c132f3
generated: 2017-06-06T15:54:11.109713407-06:00
