dependencies:
- name: opendj
  repository: file://../opendj
  version: 0.2.2
- name: openidm
  repository: file://../openidm
  version: 0.1.0
- name: postgres-openidm
  repository: file://../postgres-openidm
  version: 0.1.1
digest: sha256:bdf9343a8d8a60e5b1e252f5b83604466b76d1b7814c0db496cb66415138c56a
generated: 2017-08-11T09:31:10.409809057-06:00
