dependencies:
- alias: ""
  condition: ""
  enabled: false
  import-values: null
  name: opendj
  repository: https://storage.googleapis.com/forgerock-charts
  tags: null
  version: 0.2.2
- alias: ""
  condition: ""
  enabled: false
  import-values: null
  name: openidm
  repository: https://storage.googleapis.com/forgerock-charts
  tags: null
  version: 0.1.0
- alias: ""
  condition: ""
  enabled: false
  import-values: null
  name: postgres-openidm
  repository: https://storage.googleapis.com/forgerock-charts
  tags: null
  version: 0.1.1
- alias: ""
  condition: ""
  enabled: false
  import-values: null
  name: git
  repository: https://storage.googleapis.com/forgerock-charts
  tags: null
  version: 0.1.0
digest: sha256:977fb729eef6e59e05970048ce7aceb6996ba754746cf29dbe2de2d730290dd9
generated: 2017-06-09T17:48:36.442603484-06:00
